{
  "dependencies": {
    "avatar-generator": {
      "version": "1.0.6",
      "resolved": "https://registry.npmjs.org/avatar-generator/-/avatar-generator-1.0.6.tgz",
      "from": "avatar-generator@1.0.6",
      "dependencies": {
        "commander": {
          "version": "2.8.1",
          "resolved": "https://registry.npmjs.org/commander/-/commander-2.8.1.tgz",
          "from": "commander@2.8.1",
          "dependencies": {
            "graceful-readlink": {
              "version": "1.0.1",
              "resolved": "https://registry.npmjs.org/graceful-readlink/-/graceful-readlink-1.0.1.tgz",
              "from": "graceful-readlink@1.0.1"
            }
          }
        },
        "through": {
          "version": "2.3.8",
          "resolved": "https://registry.npmjs.org/through/-/through-2.3.8.tgz",
          "from": "through@2.3.8"
        },
        "underscore": {
          "version": "1.8.3",
          "resolved": "https://registry.npmjs.org/underscore/-/underscore-1.8.3.tgz",
          "from": "underscore@1.8.3"
        }
      }
    },
    "seed-random": {
      "version": "2.2.0",
      "resolved": "https://registry.npmjs.org/seed-random/-/seed-random-2.2.0.tgz",
      "from": "seed-random@2.2.0"
    }
  }
}
